
Microsoft Visual Studio Solution File, Format Version 12.00
# Visual Studio 14
VisualStudioVersion = 14.0.25420.1
MinimumVisualStudioVersion = 10.0.40219.1
Project("{2150E333-8FDC-42A3-9474-1A3956D46DE8}") = "src", "src", "{08100B6E-752B-44DD-854A-5ADAB31C2BB9}"
EndProject
Project("{2150E333-8FDC-42A3-9474-1A3956D46DE8}") = "Solution Items", "Solution Items", "{3068339E-5411-4A82-A2E1-323C2EE229ED}"
	ProjectSection(SolutionItems) = preProject
		global.json = global.json
	EndProjectSection
EndProject
Project("{8BB2217D-0F2D-49D1-97BC-3654ED321F3B}") = "SocialLogins2", "src\SocialLogins2\SocialLogins2.xproj", "{45310739-9BF9-4ED7-A21F-194FE064E0F8}"
EndProject
Global
	GlobalSection(SolutionConfigurationPlatforms) = preSolution
		Debug|Any CPU = Debug|Any CPU
		Release|Any CPU = Release|Any CPU
	EndGlobalSection
	GlobalSection(ProjectConfigurationPlatforms) = postSolution
		{45310739-9BF9-4ED7-A21F-194FE064E0F8}.Debug|Any CPU.ActiveCfg = Debug|Any CPU
		{45310739-9BF9-4ED7-A21F-194FE064E0F8}.Debug|Any CPU.Build.0 = Debug|Any CPU
		{45310739-9BF9-4ED7-A21F-194FE064E0F8}.Release|Any CPU.ActiveCfg = Release|Any CPU
		{45310739-9BF9-4ED7-A21F-194FE064E0F8}.Release|Any CPU.Build.0 = Release|Any CPU
	EndGlobalSection
	GlobalSection(SolutionProperties) = preSolution
		HideSolutionNode = FALSE
	EndGlobalSection
	GlobalSection(NestedProjects) = preSolution
		{45310739-9BF9-4ED7-A21F-194FE064E0F8} = {08100B6E-752B-44DD-854A-5ADAB31C2BB9}
	EndGlobalSection
EndGlobal
